// !$*UTF8*$!
{
	archiveVersion = 1;
	classes = {
	};
	objectVersion = 46;
	objects = {

/* Begin PBXBuildFile section */
		9556BD011EABBEAE0076E3C4 /* CircleProgressView.framework in Frameworks */ = {isa = PBXBuildFile; fileRef = 9556BCF71EABBEAE0076E3C4 /* CircleProgressView.framework */; };
		9556BD061EABBEAE0076E3C4 /* CircleProgressViewTests.swift in Sources */ = {isa = PBXBuildFile; fileRef = 9556BD051EABBEAE0076E3C4 /* CircleProgressViewTests.swift */; };
		9556BD081EABBEAE0076E3C4 /* CircleProgressView.h in Headers */ = {isa = PBXBuildFile; fileRef = 9556BCFA1EABBEAE0076E3C4 /* CircleProgressView.h */; settings = {ATTRIBUTES = (Public, ); }; };
/* End PBXBuildFile section */

/* Begin PBXContainerItemProxy section */
		9556BD021EABBEAE0076E3C4 /* PBXContainerItemProxy */ = {
			isa = PBXContainerItemProxy;
			containerPortal = 9556BCEE1EABBEAE0076E3C4 /* Project object */;
			proxyType = 1;
			remoteGlobalIDString = 9556BCF61EABBEAE0076E3C4;
			remoteInfo = CircleProgressView;
		};
/* End PBXContainerItemProxy section */

/* Begin PBXFileReference section */
		9556BCF71EABBEAE0076E3C4 /* CircleProgressView.framework */ = {isa = PBXFileReference; explicitFileType = wrapper.framework; includeInIndex = 0; path = CircleProgressView.framework; sourceTree = BUILT_PRODUCTS_DIR; };
		9556BCFA1EABBEAE0076E3C4 /* CircleProgressView.h */ = {isa = PBXFileReference; lastKnownFileType = sourcecode.c.h; path = CircleProgressView.h; sourceTree = "<group>"; };
		9556BCFB1EABBEAE0076E3C4 /* Info.plist */ = {isa = PBXFileReference; lastKnownFileType = text.plist.xml; path = Info.plist; sourceTree = "<group>"; };
		9556BD001EABBEAE0076E3C4 /* CircleProgressViewTests.xctest */ = {isa = PBXFileReference; explicitFileType = wrapper.cfbundle; includeInIndex = 0; path = CircleProgressViewTests.xctest; sourceTree = BUILT_PRODUCTS_DIR; };
		9556BD051EABBEAE0076E3C4 /* CircleProgressViewTests.swift */ = {isa = PBXFileReference; lastKnownFileType = sourcecode.swift; path = CircleProgressViewTests.swift; sourceTree = "<group>"; };
		9556BD071EABBEAE0076E3C4 /* Info.plist */ = {isa = PBXFileReference; lastKnownFileType = text.plist.xml; path = Info.plist; sourceTree = "<group>"; };
/* End PBXFileReference section */

/* Begin PBXFrameworksBuildPhase section */
		9556BCF31EABBEAE0076E3C4 /* Frameworks */ = {
			isa = PBXFrameworksBuildPhase;
			buildActionMask = 2147483647;
			files = (
			);
			runOnlyForDeploymentPostprocessing = 0;
		};
		9556BCFD1EABBEAE0076E3C4 /* Frameworks */ = {
			isa = PBXFrameworksBuildPhase;
			buildActionMask = 2147483647;
			files = (
				9556BD011EABBEAE0076E3C4 /* CircleProgressView.framework in Frameworks */,
			);
			runOnlyForDeploymentPostprocessing = 0;
		};
/* End PBXFrameworksBuildPhase section */

/* Begin PBXGroup section */
		9556BCED1EABBEAE0076E3C4 = {
			isa = PBXGroup;
			children = (
				9556BCF91EABBEAE0076E3C4 /* CircleProgressView */,
				9556BD041EABBEAE0076E3C4 /* CircleProgressViewTests */,
				9556BCF81EABBEAE0076E3C4 /* Products */,
			);
			sourceTree = "<group>";
		};
		9556BCF81EABBEAE0076E3C4 /* Products */ = {
			isa = PBXGroup;
			children = (
				9556BCF71EABBEAE0076E3C4 /* CircleProgressView.framework */,
				9556BD001EABBEAE0076E3C4 /* CircleProgressViewTests.xctest */,
			);
			name = Products;
			sourceTree = "<group>";
		};
		9556BCF91EABBEAE0076E3C4 /* CircleProgressView */ = {
			isa = PBXGroup;
			children = (
				9556BCFA1EABBEAE0076E3C4 /* CircleProgressView.h */,
				9556BCFB1EABBEAE0076E3C4 /* Info.plist */,
			);
			path = CircleProgressView;
			sourceTree = "<group>";
		};
		9556BD041EABBEAE0076E3C4 /* CircleProgressViewTests */ = {
			isa = PBXGroup;
			children = (
				9556BD051EABBEAE0076E3C4 /* CircleProgressViewTests.swift */,
				9556BD071EABBEAE0076E3C4 /* Info.plist */,
			);
			path = CircleProgressViewTests;
			sourceTree = "<group>";
		};
/* End PBXGroup section */

/* Begin PBXHeadersBuildPhase section */
		9556BCF41EABBEAE0076E3C4 /* Headers */ = {
			isa = PBXHeadersBuildPhase;
			buildActionMask = 2147483647;
			files = (
				9556BD081EABBEAE0076E3C4 /* CircleProgressView.h in Headers */,
			);
			runOnlyForDeploymentPostprocessing = 0;
		};
/* End PBXHeadersBuildPhase section */

/* Begin PBXNativeTarget section */
		9556BCF61EABBEAE0076E3C4 /* CircleProgressView */ = {
			isa = PBXNativeTarget;
			buildConfigurationList = 9556BD0B1EABBEAE0076E3C4 /* Build configuration list for PBXNativeTarget "CircleProgressView" */;
			buildPhases = (
				9556BCF21EABBEAE0076E3C4 /* Sources */,
				9556BCF31EABBEAE0076E3C4 /* Frameworks */,
				9556BCF41EABBEAE0076E3C4 /* Headers */,
				9556BCF51EABBEAE0076E3C4 /* Resources */,
			);
			buildRules = (
			);
			dependencies = (
			);
			name = CircleProgressView;
			productName = CircleProgressView;
			productReference = 9556BCF71EABBEAE0076E3C4 /* CircleProgressView.framework */;
			productType = "com.apple.product-type.framework";
		};
		9556BCFF1EABBEAE0076E3C4 /* CircleProgressViewTests */ = {
			isa = PBXNativeTarget;
			buildConfigurationList = 9556BD0E1EABBEAE0076E3C4 /* Build configuration list for PBXNativeTarget "CircleProgressViewTests" */;
			buildPhases = (
				9556BCFC1EABBEAE0076E3C4 /* Sources */,
				9556BCFD1EABBEAE0076E3C4 /* Frameworks */,
				9556BCFE1EABBEAE0076E3C4 /* Resources */,
			);
			buildRules = (
			);
			dependencies = (
				9556BD031EABBEAE0076E3C4 /* PBXTargetDependency */,
			);
			name = CircleProgressViewTests;
			productName = CircleProgressViewTests;
			productReference = 9556BD001EABBEAE0076E3C4 /* CircleProgressViewTests.xctest */;
			productType = "com.apple.product-type.bundle.unit-test";
		};
/* End PBXNativeTarget section */

/* Begin PBXProject section */
		9556BCEE1EABBEAE0076E3C4 /* Project object */ = {
			isa = PBXProject;
			attributes = {
				LastSwiftUpdateCheck = 0830;
				LastUpgradeCheck = 0830;
				ORGANIZATIONNAME = cedric;
				TargetAttributes = {
					9556BCF61EABBEAE0076E3C4 = {
						CreatedOnToolsVersion = 8.3.2;
						DevelopmentTeam = 4285VZ4HLE;
						ProvisioningStyle = Automatic;
					};
					9556BCFF1EABBEAE0076E3C4 = {
						CreatedOnToolsVersion = 8.3.2;
						DevelopmentTeam = 4285VZ4HLE;
						ProvisioningStyle = Automatic;
					};
				};
			};
			buildConfigurationList = 9556BCF11EABBEAE0076E3C4 /* Build configuration list for PBXProject "CircleProgressView" */;
			compatibilityVersion = "Xcode 3.2";
			developmentRegion = English;
			hasScannedForEncodings = 0;
			knownRegions = (
				en,
			);
			mainGroup = 9556BCED1EABBEAE0076E3C4;
			productRefGroup = 9556BCF81EABBEAE0076E3C4 /* Products */;
			projectDirPath = "";
			projectRoot = "";
			targets = (
				9556BCF61EABBEAE0076E3C4 /* CircleProgressView */,
				9556BCFF1EABBEAE0076E3C4 /* CircleProgressViewTests */,
			);
		};
/* End PBXProject section */

/* Begin PBXResourcesBuildPhase section */
		9556BCF51EABBEAE0076E3C4 /* Resources */ = {
			isa = PBXResourcesBuildPhase;
			buildActionMask = 2147483647;
			files = (
			);
			runOnlyForDeploymentPostprocessing = 0;
		};
		9556BCFE1EABBEAE0076E3C4 /* Resources */ = {
			isa = PBXResourcesBuildPhase;
			buildActionMask = 2147483647;
			files = (
			);
			runOnlyForDeploymentPostprocessing = 0;
		};
/* End PBXResourcesBuildPhase section */

/* Begin PBXSourcesBuildPhase section */
		9556BCF21EABBEAE0076E3C4 /* Sources */ = {
			isa = PBXSourcesBuildPhase;
			buildActionMask = 2147483647;
			files = (
			);
			runOnlyForDeploymentPostprocessing = 0;
		};
		9556BCFC1EABBEAE0076E3C4 /* Sources */ = {
			isa = PBXSourcesBuildPhase;
			buildActionMask = 2147483647;
			files = (
				9556BD061EABBEAE0076E3C4 /* CircleProgressViewTests.swift in Sources */,
			);
			runOnlyForDeploymentPostprocessing = 0;
		};
/* End PBXSourcesBuildPhase section */

/* Begin PBXTargetDependency section */
		9556BD031EABBEAE0076E3C4 /* PBXTargetDependency */ = {
			isa = PBXTargetDependency;
			target = 9556BCF61EABBEAE0076E3C4 /* CircleProgressView */;
			targetProxy = 9556BD021EABBEAE0076E3C4 /* PBXContainerItemProxy */;
		};
/* End PBXTargetDependency section */

/* Begin XCBuildConfiguration section */
		9556BD091EABBEAE0076E3C4 /* Debug */ = {
			isa = XCBuildConfiguration;
			buildSettings = {
				ALWAYS_SEARCH_USER_PATHS = NO;
				CLANG_ANALYZER_NONNULL = YES;
				CLANG_ANALYZER_NUMBER_OBJECT_CONVERSION = YES_AGGRESSIVE;
				CLANG_CXX_LANGUAGE_STANDARD = "gnu++0x";
				CLANG_CXX_LIBRARY = "libc++";
				CLANG_ENABLE_MODULES = YES;
				CLANG_ENABLE_OBJC_ARC = YES;
				CLANG_WARN_BOOL_CONVERSION = YES;
				CLANG_WARN_CONSTANT_CONVERSION = YES;
				CLANG_WARN_DIRECT_OBJC_ISA_USAGE = YES_ERROR;
				CLANG_WARN_DOCUMENTATION_COMMENTS = YES;
				CLANG_WARN_EMPTY_BODY = YES;
				CLANG_WARN_ENUM_CONVERSION = YES;
				CLANG_WARN_INFINITE_RECURSION = YES;
				CLANG_WARN_INT_CONVERSION = YES;
				CLANG_WARN_OBJC_ROOT_CLASS = YES_ERROR;
				CLANG_WARN_SUSPICIOUS_MOVE = YES;
				CLANG_WARN_UNREACHABLE_CODE = YES;
				CLANG_WARN__DUPLICATE_METHOD_MATCH = YES;
				COPY_PHASE_STRIP = NO;
				CURRENT_PROJECT_VERSION = 1;
				DEBUG_INFORMATION_FORMAT = dwarf;
				ENABLE_STRICT_OBJC_MSGSEND = YES;
				ENABLE_TESTABILITY = YES;
				GCC_C_LANGUAGE_STANDARD = gnu99;
				GCC_DYNAMIC_NO_PIC = NO;
				GCC_NO_COMMON_BLOCKS = YES;
				GCC_OPTIMIZATION_LEVEL = 0;
				GCC_PREPROCESSOR_DEFINITIONS = (
					"DEBUG=1",
					"$(inherited)",
				);
				GCC_WARN_64_TO_32_BIT_CONVERSION = YES;
				GCC_WARN_ABOUT_RETURN_TYPE = YES_ERROR;
				GCC_WARN_UNDECLARED_SELECTOR = YES;
				GCC_WARN_UNINITIALIZED_AUTOS = YES_AGGRESSIVE;
				GCC_WARN_UNUSED_FUNCTION = YES;
				GCC_WARN_UNUSED_VARIABLE = YES;
				MTL_ENABLE_DEBUG_INFO = YES;
				ONLY_ACTIVE_ARCH = YES;
				SDKROOT = appletvos;
				SWIFT_ACTIVE_COMPILATION_CONDITIONS = DEBUG;
				SWIFT_OPTIMIZATION_LEVEL = "-Onone";
				TARGETED_DEVICE_FAMILY = 3;
				TVOS_DEPLOYMENT_TARGET = 10.2;
				VERSIONING_SYSTEM = "apple-generic";
				VERSION_INFO_PREFIX = "";
			};
			name = Debug;
		};
		9556BD0A1EABBEAE0076E3C4 /* Release */ = {
			isa = XCBuildConfiguration;
			buildSettings = {
				ALWAYS_SEARCH_USER_PATHS = NO;
				CLANG_ANALYZER_NONNULL = YES;
				CLANG_ANALYZER_NUMBER_OBJECT_CONVERSION = YES_AGGRESSIVE;
				CLANG_CXX_LANGUAGE_STANDARD = "gnu++0x";
				CLANG_CXX_LIBRARY = "libc++";
				CLANG_ENABLE_MODULES = YES;
				CLANG_ENABLE_OBJC_ARC = YES;
				CLANG_WARN_BOOL_CONVERSION = YES;
				CLANG_WARN_CONSTANT_CONVERSION = YES;
				CLANG_WARN_DIRECT_OBJC_ISA_USAGE = YES_ERROR;
				CLANG_WARN_DOCUMENTATION_COMMENTS = YES;
				CLANG_WARN_EMPTY_BODY = YES;
				CLANG_WARN_ENUM_CONVERSION = YES;
				CLANG_WARN_INFINITE_RECURSION = YES;
				CLANG_WARN_INT_CONVERSION = YES;
				CLANG_WARN_OBJC_ROOT_CLASS = YES_ERROR;
				CLANG_WARN_SUSPICIOUS_MOVE = YES;
				CLANG_WARN_UNREACHABLE_CODE = YES;
				CLANG_WARN__DUPLICATE_METHOD_MATCH = YES;
				COPY_PHASE_STRIP = NO;
				CURRENT_PROJECT_VERSION = 1;
				DEBUG_INFORMATION_FORMAT = "dwarf-with-dsym";
				ENABLE_NS_ASSERTIONS = NO;
				ENABLE_STRICT_OBJC_MSGSEND = YES;
				GCC_C_LANGUAGE_STANDARD = gnu99;
				GCC_NO_COMMON_BLOCKS = YES;
				GCC_WARN_64_TO_32_BIT_CONVERSION = YES;
				GCC_WARN_ABOUT_RETURN_TYPE = YES_ERROR;
				GCC_WARN_UNDECLARED_SELECTOR = YES;
				GCC_WARN_UNINITIALIZED_AUTOS = YES_AGGRESSIVE;
				GCC_WARN_UNUSED_FUNCTION = YES;
				GCC_WARN_UNUSED_VARIABLE = YES;
				MTL_ENABLE_DEBUG_INFO = NO;
				SDKROOT = appletvos;
				SWIFT_OPTIMIZATION_LEVEL = "-Owholemodule";
				TARGETED_DEVICE_FAMILY = 3;
				TVOS_DEPLOYMENT_TARGET = 10.2;
				VALIDATE_PRODUCT = YES;
				VERSIONING_SYSTEM = "apple-generic";
				VERSION_INFO_PREFIX = "";
			};
			name = Release;
		};
		9556BD0C1EABBEAE0076E3C4 /* Debug */ = {
			isa = XCBuildConfiguration;
			buildSettings = {
				CODE_SIGN_IDENTITY = "";
				DEFINES_MODULE = YES;
				DEVELOPMENT_TEAM = 4285VZ4HLE;
				DYLIB_COMPATIBILITY_VERSION = 1;
				DYLIB_CURRENT_VERSION = 1;
				DYLIB_INSTALL_NAME_BASE = "@rpath";
				INFOPLIST_FILE = CircleProgressView/Info.plist;
				INSTALL_PATH = "$(LOCAL_LIBRARY_DIR)/Frameworks";
				LD_RUNPATH_SEARCH_PATHS = "$(inherited) @executable_path/Frameworks @loader_path/Frameworks";
				PRODUCT_BUNDLE_IDENTIFIER = fr.cedric.CircleProgressView;
				PRODUCT_NAME = "$(TARGET_NAME)";
				SKIP_INSTALL = YES;
				SWIFT_VERSION = 3.0;
			};
			name = Debug;
		};
		9556BD0D1EABBEAE0076E3C4 /* Release */ = {
			isa = XCBuildConfiguration;
			buildSettings = {
				CODE_SIGN_IDENTITY = "";
				DEFINES_MODULE = YES;
				DEVELOPMENT_TEAM = 4285VZ4HLE;
				DYLIB_COMPATIBILITY_VERSION = 1;
				DYLIB_CURRENT_VERSION = 1;
				DYLIB_INSTALL_NAME_BASE = "@rpath";
				INFOPLIST_FILE = CircleProgressView/Info.plist;
				INSTALL_PATH = "$(LOCAL_LIBRARY_DIR)/Frameworks";
				LD_RUNPATH_SEARCH_PATHS = "$(inherited) @executable_path/Frameworks @loader_path/Frameworks";
				PRODUCT_BUNDLE_IDENTIFIER = fr.cedric.CircleProgressView;
				PRODUCT_NAME = "$(TARGET_NAME)";
				SKIP_INSTALL = YES;
				SWIFT_VERSION = 3.0;
			};
			name = Release;
		};
		9556BD0F1EABBEAE0076E3C4 /* Debug */ = {
			isa = XCBuildConfiguration;
			buildSettings = {
				DEVELOPMENT_TEAM = 4285VZ4HLE;
				INFOPLIST_FILE = CircleProgressViewTests/Info.plist;
				LD_RUNPATH_SEARCH_PATHS = "$(inherited) @executable_path/Frameworks @loader_path/Frameworks";
				PRODUCT_BUNDLE_IDENTIFIER = fr.cedric.CircleProgressViewTests;
				PRODUCT_NAME = "$(TARGET_NAME)";
				SWIFT_VERSION = 3.0;
			};
			name = Debug;
		};
		9556BD101EABBEAE0076E3C4 /* Release */ = {
			isa = XCBuildConfiguration;
			buildSettings = {
				DEVELOPMENT_TEAM = 4285VZ4HLE;
				INFOPLIST_FILE = CircleProgressViewTests/Info.plist;
				LD_RUNPATH_SEARCH_PATHS = "$(inherited) @executable_path/Frameworks @loader_path/Frameworks";
				PRODUCT_BUNDLE_IDENTIFIER = fr.cedric.CircleProgressViewTests;
				PRODUCT_NAME = "$(TARGET_NAME)";
				SWIFT_VERSION = 3.0;
			};
			name = Release;
		};
/* End XCBuildConfiguration section */

/* Begin XCConfigurationList section */
		9556BCF11EABBEAE0076E3C4 /* Build configuration list for PBXProject "CircleProgressView" */ = {
			isa = XCConfigurationList;
			buildConfigurations = (
				9556BD091EABBEAE0076E3C4 /* Debug */,
				9556BD0A1EABBEAE0076E3C4 /* Release */,
			);
			defaultConfigurationIsVisible = 0;
			defaultConfigurationName = Release;
		};
		9556BD0B1EABBEAE0076E3C4 /* Build configuration list for PBXNativeTarget "CircleProgressView" */ = {
			isa = XCConfigurationList;
			buildConfigurations = (
				9556BD0C1EABBEAE0076E3C4 /* Debug */,
				9556BD0D1EABBEAE0076E3C4 /* Release */,
			);
			defaultConfigurationIsVisible = 0;
		};
		9556BD0E1EABBEAE0076E3C4 /* Build configuration list for PBXNativeTarget "CircleProgressViewTests" */ = {
			isa = XCConfigurationList;
			buildConfigurations = (
				9556BD0F1EABBEAE0076E3C4 /* Debug */,
				9556BD101EABBEAE0076E3C4 /* Release */,
			);
			defaultConfigurationIsVisible = 0;
		};
/* End XCConfigurationList section */
	};
	rootObject = 9556BCEE1EABBEAE0076E3C4 /* Project object */;
}
